
Microsoft Visual Studio Solution File, Format Version 12.00
# Visual Studio Version 17
VisualStudioVersion = 17.12.35506.116 d17.12
MinimumVisualStudioVersion = 10.0.40219.1
Project("{2150E333-8FDC-42A3-9474-1A3956D46DE8}") = "Task0", "Task0", "{796C1494-5D5A-4BE1-9CC6-85D2BFD9B11A}"
EndProject
Project("{FAE04EC0-301F-11D3-BF4B-00C04F79EFBC}") = "Tyuiu.ZainetdinovRA.Sprint2.Task0.V16", "Tyuiu.ZainetdinovRA.Sprint2.Task0.V16\Tyuiu.ZainetdinovRA.Sprint2.Task0.V16.csproj", "{9B64C071-CC82-49BC-BE49-347CB7DB5ED5}"
EndProject
Project("{FAE04EC0-301F-11D3-BF4B-00C04F79EFBC}") = "Tyuiu.ZainetdinovRA.Sprint2.Task0.V16.Lib", "Tyuiu.ZainetdinovRA.Sprint2.Task0.V16.Lib\Tyuiu.ZainetdinovRA.Sprint2.Task0.V16.Lib.csproj", "{44304E9D-ADED-4FCF-B24E-1CDCED731531}"
EndProject
Project("{FAE04EC0-301F-11D3-BF4B-00C04F79EFBC}") = "Tyuiu.ZainetdinovRA.Sprint2.Task0.V16.Test", "Tyuiu.ZainetdinovRA.Sprint2.Task0.V16.Test\Tyuiu.ZainetdinovRA.Sprint2.Task0.V16.Test.csproj", "{FF20776E-680D-4D67-812C-ACEE1CA410EB}"
EndProject
Project("{2150E333-8FDC-42A3-9474-1A3956D46DE8}") = "Task1", "Task1", "{2B0FD556-5CB5-42FB-A8FB-8256E146337D}"
EndProject
Project("{FAE04EC0-301F-11D3-BF4B-00C04F79EFBC}") = "Tyuiu.ZainetdinovRA.Sprint2.Task1.V28", "Tyuiu.ZainetdinovRA.Sprint2.Task1.V28\Tyuiu.ZainetdinovRA.Sprint2.Task1.V28.csproj", "{BF578057-BF74-4783-AB5D-58AC54ED931C}"
EndProject
Project("{FAE04EC0-301F-11D3-BF4B-00C04F79EFBC}") = "Tyuiu.ZainetdinovRA.Sprint2.Task1.V28.Lib", "Tyuiu.ZainetdinovRA.Sprint2.Task1.V28.Lib\Tyuiu.ZainetdinovRA.Sprint2.Task1.V28.Lib.csproj", "{46937740-2E67-4410-88D5-E6BD43C03FC3}"
EndProject
Project("{FAE04EC0-301F-11D3-BF4B-00C04F79EFBC}") = "Tyuiu.ZainetdinovRA.Sprint2.Task1.V28.Test", "Tyuiu.ZainetdinovRA.Sprint2.Task1.V28.Test\Tyuiu.ZainetdinovRA.Sprint2.Task1.V28.Test.csproj", "{A81E9398-AF7C-4539-84AF-B972FFE2AB66}"
EndProject
Project("{2150E333-8FDC-42A3-9474-1A3956D46DE8}") = "Task2", "Task2", "{CD9152E4-66DA-44EC-BCDF-E517CA46E236}"
EndProject
Project("{FAE04EC0-301F-11D3-BF4B-00C04F79EFBC}") = "Tyuiu.ZainetdinovRA.Sprint2.Task2.V20", "Tyuiu.ZainetdinovRA.Sprint2.Task2.V20\Tyuiu.ZainetdinovRA.Sprint2.Task2.V20.csproj", "{1B462C9A-A7FD-48B5-8A7E-F2A6946FBF43}"
EndProject
Project("{FAE04EC0-301F-11D3-BF4B-00C04F79EFBC}") = "Tyuiu.ZainetdinovRA.Sprint2.Task2.V20.Lib", "Tyuiu.ZainetdinovRA.Sprint2.Task2.V20.Lib\Tyuiu.ZainetdinovRA.Sprint2.Task2.V20.Lib.csproj", "{75C0E4A3-0F7D-43F9-A8F9-03A7F2DD4F78}"
EndProject
Project("{FAE04EC0-301F-11D3-BF4B-00C04F79EFBC}") = "Tyuiu.ZainetdinovRA.Sprint2.Task2.V20.Test", "Tyuiu.ZainetdinovRA.Sprint2.Task2.V20.Test\Tyuiu.ZainetdinovRA.Sprint2.Task2.V20.Test.csproj", "{826A4107-52B2-41FC-B569-AEF69D153BA8}"
EndProject
Project("{2150E333-8FDC-42A3-9474-1A3956D46DE8}") = "Task3", "Task3", "{A7D47FE3-53F6-49D3-AF3B-F224C8341DF6}"
EndProject
Project("{FAE04EC0-301F-11D3-BF4B-00C04F79EFBC}") = "Tyuiu.ZainetdinovRA.Sprint2.Task3.V9", "Tyuiu.ZainetdinovRA.Sprint2.Task3.V9\Tyuiu.ZainetdinovRA.Sprint2.Task3.V9.csproj", "{D841365D-EEF0-4742-8EC3-747A64C821D6}"
EndProject
Project("{FAE04EC0-301F-11D3-BF4B-00C04F79EFBC}") = "Tyuiu.ZainetdinovRA.Sprint2.Task3.V9.Lib", "Tyuiu.ZainetdinovRA.Sprint2.Task3.V9.Lib\Tyuiu.ZainetdinovRA.Sprint2.Task3.V9.Lib.csproj", "{54A745C2-A801-48A9-9A64-B1C88AFEB1CA}"
EndProject
Project("{FAE04EC0-301F-11D3-BF4B-00C04F79EFBC}") = "Tyuiu.ZainetdinovRA.Sprint2.Task3.V9.Test", "Tyuiu.ZainetdinovRA.Sprint2.Task3.V9.Test\Tyuiu.ZainetdinovRA.Sprint2.Task3.V9.Test.csproj", "{016F8A07-C0E5-4748-9734-D0CE0CFFD595}"
EndProject
Project("{2150E333-8FDC-42A3-9474-1A3956D46DE8}") = "Task4", "Task4", "{63C596FE-590A-4E58-8967-221577912C2D}"
EndProject
Project("{FAE04EC0-301F-11D3-BF4B-00C04F79EFBC}") = "Tyuiu.ZainetdinovRA.Sprint2.Task4.V10", "Tyuiu.ZainetdinovRA.Sprint2.Task4.V10\Tyuiu.ZainetdinovRA.Sprint2.Task4.V10.csproj", "{62674821-9750-4F26-9E80-88E7F088AC16}"
EndProject
Project("{FAE04EC0-301F-11D3-BF4B-00C04F79EFBC}") = "Tyuiu.ZainetdinovRA.Sprint2.Task4.V10.Lib", "Tyuiu.ZainetdinovRA.Sprint2.Task4.V10.Lib\Tyuiu.ZainetdinovRA.Sprint2.Task4.V10.Lib.csproj", "{DBA46A80-5C36-4C49-9A7E-271068333260}"
EndProject
Project("{FAE04EC0-301F-11D3-BF4B-00C04F79EFBC}") = "Tyuiu.ZainetdinovRA.Sprint2.Task4.V10.Test", "Tyuiu.ZainetdinovRA.Sprint2.Task4.V10.Test\Tyuiu.ZainetdinovRA.Sprint2.Task4.V10.Test.csproj", "{4C52099D-0580-4FAE-9964-E103393780F3}"
EndProject
Project("{2150E333-8FDC-42A3-9474-1A3956D46DE8}") = "Task5", "Task5", "{2E52F729-0CF0-4DB4-BBCA-25A2418E734D}"
EndProject
Project("{FAE04EC0-301F-11D3-BF4B-00C04F79EFBC}") = "Tyuiu.ZainetdinovRA.Sprint2.Task5.V5", "Tyuiu.ZainetdinovRA.Sprint2.Task5.V5\Tyuiu.ZainetdinovRA.Sprint2.Task5.V5.csproj", "{563AE389-23F1-4C4A-8C8E-C46BE3A73698}"
EndProject
Project("{FAE04EC0-301F-11D3-BF4B-00C04F79EFBC}") = "Tyuiu.ZainetdinovRA.Sprint2.Task5.V5.Lib", "Tyuiu.ZainetdinovRA.Sprint2.Task5.V5.Lib\Tyuiu.ZainetdinovRA.Sprint2.Task5.V5.Lib.csproj", "{39B18738-73AB-482E-8194-DA7B696FD40B}"
EndProject
Project("{FAE04EC0-301F-11D3-BF4B-00C04F79EFBC}") = "Tyuiu.ZainetdinovRA.Sprint2.Task5.V5.Test", "Tyuiu.ZainetdinovRA.Sprint2.Task5.V5.Test\Tyuiu.ZainetdinovRA.Sprint2.Task5.V5.Test.csproj", "{F63723A7-B1A1-4447-9E4E-65ADB0C66D4A}"
EndProject
Project("{2150E333-8FDC-42A3-9474-1A3956D46DE8}") = "Task6", "Task6", "{27222DED-8D5E-4DF2-AC98-A7ED3EC973A4}"
EndProject
Project("{FAE04EC0-301F-11D3-BF4B-00C04F79EFBC}") = "Tyuiu.ZainetdinovRA.Sprint2.Task6.V13", "Tyuiu.ZainetdinovRA.Sprint2.Task6.V13\Tyuiu.ZainetdinovRA.Sprint2.Task6.V13.csproj", "{21C57B08-834F-408F-983E-C13A4C6F2092}"
EndProject
Project("{FAE04EC0-301F-11D3-BF4B-00C04F79EFBC}") = "Tyuiu.ZainetdinovRA.Sprint2.Task6.V13.Lib", "Tyuiu.ZainetdinovRA.Sprint2.Task6.V13.Lib\Tyuiu.ZainetdinovRA.Sprint2.Task6.V13.Lib.csproj", "{13682E11-8DA6-4DDA-99B2-7C1150852FEF}"
EndProject
Project("{FAE04EC0-301F-11D3-BF4B-00C04F79EFBC}") = "Tyuiu.ZainetdinovRA.Sprint2.Task6.V13.Test", "Tyuiu.ZainetdinovRA.Sprint2.Task6.V13.Test\Tyuiu.ZainetdinovRA.Sprint2.Task6.V13.Test.csproj", "{7EA36C85-9D62-42C3-8415-0A269819DA3C}"
EndProject
Global
	GlobalSection(SolutionConfigurationPlatforms) = preSolution
		Debug|Any CPU = Debug|Any CPU
		Release|Any CPU = Release|Any CPU
	EndGlobalSection
	GlobalSection(ProjectConfigurationPlatforms) = postSolution
		{9B64C071-CC82-49BC-BE49-347CB7DB5ED5}.Debug|Any CPU.ActiveCfg = Debug|Any CPU
		{9B64C071-CC82-49BC-BE49-347CB7DB5ED5}.Debug|Any CPU.Build.0 = Debug|Any CPU
		{9B64C071-CC82-49BC-BE49-347CB7DB5ED5}.Release|Any CPU.ActiveCfg = Release|Any CPU
		{9B64C071-CC82-49BC-BE49-347CB7DB5ED5}.Release|Any CPU.Build.0 = Release|Any CPU
		{44304E9D-ADED-4FCF-B24E-1CDCED731531}.Debug|Any CPU.ActiveCfg = Debug|Any CPU
		{44304E9D-ADED-4FCF-B24E-1CDCED731531}.Debug|Any CPU.Build.0 = Debug|Any CPU
		{44304E9D-ADED-4FCF-B24E-1CDCED731531}.Release|Any CPU.ActiveCfg = Release|Any CPU
		{44304E9D-ADED-4FCF-B24E-1CDCED731531}.Release|Any CPU.Build.0 = Release|Any CPU
		{FF20776E-680D-4D67-812C-ACEE1CA410EB}.Debug|Any CPU.ActiveCfg = Debug|Any CPU
		{FF20776E-680D-4D67-812C-ACEE1CA410EB}.Debug|Any CPU.Build.0 = Debug|Any CPU
		{FF20776E-680D-4D67-812C-ACEE1CA410EB}.Release|Any CPU.ActiveCfg = Release|Any CPU
		{FF20776E-680D-4D67-812C-ACEE1CA410EB}.Release|Any CPU.Build.0 = Release|Any CPU
		{BF578057-BF74-4783-AB5D-58AC54ED931C}.Debug|Any CPU.ActiveCfg = Debug|Any CPU
		{BF578057-BF74-4783-AB5D-58AC54ED931C}.Debug|Any CPU.Build.0 = Debug|Any CPU
		{BF578057-BF74-4783-AB5D-58AC54ED931C}.Release|Any CPU.ActiveCfg = Release|Any CPU
		{BF578057-BF74-4783-AB5D-58AC54ED931C}.Release|Any CPU.Build.0 = Release|Any CPU
		{46937740-2E67-4410-88D5-E6BD43C03FC3}.Debug|Any CPU.ActiveCfg = Debug|Any CPU
		{46937740-2E67-4410-88D5-E6BD43C03FC3}.Debug|Any CPU.Build.0 = Debug|Any CPU
		{46937740-2E67-4410-88D5-E6BD43C03FC3}.Release|Any CPU.ActiveCfg = Release|Any CPU
		{46937740-2E67-4410-88D5-E6BD43C03FC3}.Release|Any CPU.Build.0 = Release|Any CPU
		{A81E9398-AF7C-4539-84AF-B972FFE2AB66}.Debug|Any CPU.ActiveCfg = Debug|Any CPU
		{A81E9398-AF7C-4539-84AF-B972FFE2AB66}.Debug|Any CPU.Build.0 = Debug|Any CPU
		{A81E9398-AF7C-4539-84AF-B972FFE2AB66}.Release|Any CPU.ActiveCfg = Release|Any CPU
		{A81E9398-AF7C-4539-84AF-B972FFE2AB66}.Release|Any CPU.Build.0 = Release|Any CPU
		{1B462C9A-A7FD-48B5-8A7E-F2A6946FBF43}.Debug|Any CPU.ActiveCfg = Debug|Any CPU
		{1B462C9A-A7FD-48B5-8A7E-F2A6946FBF43}.Debug|Any CPU.Build.0 = Debug|Any CPU
		{1B462C9A-A7FD-48B5-8A7E-F2A6946FBF43}.Release|Any CPU.ActiveCfg = Release|Any CPU
		{1B462C9A-A7FD-48B5-8A7E-F2A6946FBF43}.Release|Any CPU.Build.0 = Release|Any CPU
		{75C0E4A3-0F7D-43F9-A8F9-03A7F2DD4F78}.Debug|Any CPU.ActiveCfg = Debug|Any CPU
		{75C0E4A3-0F7D-43F9-A8F9-03A7F2DD4F78}.Debug|Any CPU.Build.0 = Debug|Any CPU
		{75C0E4A3-0F7D-43F9-A8F9-03A7F2DD4F78}.Release|Any CPU.ActiveCfg = Release|Any CPU
		{75C0E4A3-0F7D-43F9-A8F9-03A7F2DD4F78}.Release|Any CPU.Build.0 = Release|Any CPU
		{826A4107-52B2-41FC-B569-AEF69D153BA8}.Debug|Any CPU.ActiveCfg = Debug|Any CPU
		{826A4107-52B2-41FC-B569-AEF69D153BA8}.Debug|Any CPU.Build.0 = Debug|Any CPU
		{826A4107-52B2-41FC-B569-AEF69D153BA8}.Release|Any CPU.ActiveCfg = Release|Any CPU
		{826A4107-52B2-41FC-B569-AEF69D153BA8}.Release|Any CPU.Build.0 = Release|Any CPU
		{D841365D-EEF0-4742-8EC3-747A64C821D6}.Debug|Any CPU.ActiveCfg = Debug|Any CPU
		{D841365D-EEF0-4742-8EC3-747A64C821D6}.Debug|Any CPU.Build.0 = Debug|Any CPU
		{D841365D-EEF0-4742-8EC3-747A64C821D6}.Release|Any CPU.ActiveCfg = Release|Any CPU
		{D841365D-EEF0-4742-8EC3-747A64C821D6}.Release|Any CPU.Build.0 = Release|Any CPU
		{54A745C2-A801-48A9-9A64-B1C88AFEB1CA}.Debug|Any CPU.ActiveCfg = Debug|Any CPU
		{54A745C2-A801-48A9-9A64-B1C88AFEB1CA}.Debug|Any CPU.Build.0 = Debug|Any CPU
		{54A745C2-A801-48A9-9A64-B1C88AFEB1CA}.Release|Any CPU.ActiveCfg = Release|Any CPU
		{54A745C2-A801-48A9-9A64-B1C88AFEB1CA}.Release|Any CPU.Build.0 = Release|Any CPU
		{016F8A07-C0E5-4748-9734-D0CE0CFFD595}.Debug|Any CPU.ActiveCfg = Debug|Any CPU
		{016F8A07-C0E5-4748-9734-D0CE0CFFD595}.Debug|Any CPU.Build.0 = Debug|Any CPU
		{016F8A07-C0E5-4748-9734-D0CE0CFFD595}.Release|Any CPU.ActiveCfg = Release|Any CPU
		{016F8A07-C0E5-4748-9734-D0CE0CFFD595}.Release|Any CPU.Build.0 = Release|Any CPU
		{62674821-9750-4F26-9E80-88E7F088AC16}.Debug|Any CPU.ActiveCfg = Debug|Any CPU
		{62674821-9750-4F26-9E80-88E7F088AC16}.Debug|Any CPU.Build.0 = Debug|Any CPU
		{62674821-9750-4F26-9E80-88E7F088AC16}.Release|Any CPU.ActiveCfg = Release|Any CPU
		{62674821-9750-4F26-9E80-88E7F088AC16}.Release|Any CPU.Build.0 = Release|Any CPU
		{DBA46A80-5C36-4C49-9A7E-271068333260}.Debug|Any CPU.ActiveCfg = Debug|Any CPU
		{DBA46A80-5C36-4C49-9A7E-271068333260}.Debug|Any CPU.Build.0 = Debug|Any CPU
		{DBA46A80-5C36-4C49-9A7E-271068333260}.Release|Any CPU.ActiveCfg = Release|Any CPU
		{DBA46A80-5C36-4C49-9A7E-271068333260}.Release|Any CPU.Build.0 = Release|Any CPU
		{4C52099D-0580-4FAE-9964-E103393780F3}.Debug|Any CPU.ActiveCfg = Debug|Any CPU
		{4C52099D-0580-4FAE-9964-E103393780F3}.Debug|Any CPU.Build.0 = Debug|Any CPU
		{4C52099D-0580-4FAE-9964-E103393780F3}.Release|Any CPU.ActiveCfg = Release|Any CPU
		{4C52099D-0580-4FAE-9964-E103393780F3}.Release|Any CPU.Build.0 = Release|Any CPU
		{563AE389-23F1-4C4A-8C8E-C46BE3A73698}.Debug|Any CPU.ActiveCfg = Debug|Any CPU
		{563AE389-23F1-4C4A-8C8E-C46BE3A73698}.Debug|Any CPU.Build.0 = Debug|Any CPU
		{563AE389-23F1-4C4A-8C8E-C46BE3A73698}.Release|Any CPU.ActiveCfg = Release|Any CPU
		{563AE389-23F1-4C4A-8C8E-C46BE3A73698}.Release|Any CPU.Build.0 = Release|Any CPU
		{39B18738-73AB-482E-8194-DA7B696FD40B}.Debug|Any CPU.ActiveCfg = Debug|Any CPU
		{39B18738-73AB-482E-8194-DA7B696FD40B}.Debug|Any CPU.Build.0 = Debug|Any CPU
		{39B18738-73AB-482E-8194-DA7B696FD40B}.Release|Any CPU.ActiveCfg = Release|Any CPU
		{39B18738-73AB-482E-8194-DA7B696FD40B}.Release|Any CPU.Build.0 = Release|Any CPU
		{F63723A7-B1A1-4447-9E4E-65ADB0C66D4A}.Debug|Any CPU.ActiveCfg = Debug|Any CPU
		{F63723A7-B1A1-4447-9E4E-65ADB0C66D4A}.Debug|Any CPU.Build.0 = Debug|Any CPU
		{F63723A7-B1A1-4447-9E4E-65ADB0C66D4A}.Release|Any CPU.ActiveCfg = Release|Any CPU
		{F63723A7-B1A1-4447-9E4E-65ADB0C66D4A}.Release|Any CPU.Build.0 = Release|Any CPU
		{21C57B08-834F-408F-983E-C13A4C6F2092}.Debug|Any CPU.ActiveCfg = Debug|Any CPU
		{21C57B08-834F-408F-983E-C13A4C6F2092}.Debug|Any CPU.Build.0 = Debug|Any CPU
		{21C57B08-834F-408F-983E-C13A4C6F2092}.Release|Any CPU.ActiveCfg = Release|Any CPU
		{21C57B08-834F-408F-983E-C13A4C6F2092}.Release|Any CPU.Build.0 = Release|Any CPU
		{13682E11-8DA6-4DDA-99B2-7C1150852FEF}.Debug|Any CPU.ActiveCfg = Debug|Any CPU
		{13682E11-8DA6-4DDA-99B2-7C1150852FEF}.Debug|Any CPU.Build.0 = Debug|Any CPU
		{13682E11-8DA6-4DDA-99B2-7C1150852FEF}.Release|Any CPU.ActiveCfg = Release|Any CPU
		{13682E11-8DA6-4DDA-99B2-7C1150852FEF}.Release|Any CPU.Build.0 = Release|Any CPU
		{7EA36C85-9D62-42C3-8415-0A269819DA3C}.Debug|Any CPU.ActiveCfg = Debug|Any CPU
		{7EA36C85-9D62-42C3-8415-0A269819DA3C}.Debug|Any CPU.Build.0 = Debug|Any CPU
		{7EA36C85-9D62-42C3-8415-0A269819DA3C}.Release|Any CPU.ActiveCfg = Release|Any CPU
		{7EA36C85-9D62-42C3-8415-0A269819DA3C}.Release|Any CPU.Build.0 = Release|Any CPU
	EndGlobalSection
	GlobalSection(SolutionProperties) = preSolution
		HideSolutionNode = FALSE
	EndGlobalSection
	GlobalSection(NestedProjects) = preSolution
		{9B64C071-CC82-49BC-BE49-347CB7DB5ED5} = {796C1494-5D5A-4BE1-9CC6-85D2BFD9B11A}
		{44304E9D-ADED-4FCF-B24E-1CDCED731531} = {796C1494-5D5A-4BE1-9CC6-85D2BFD9B11A}
		{FF20776E-680D-4D67-812C-ACEE1CA410EB} = {796C1494-5D5A-4BE1-9CC6-85D2BFD9B11A}
		{BF578057-BF74-4783-AB5D-58AC54ED931C} = {2B0FD556-5CB5-42FB-A8FB-8256E146337D}
		{46937740-2E67-4410-88D5-E6BD43C03FC3} = {2B0FD556-5CB5-42FB-A8FB-8256E146337D}
		{A81E9398-AF7C-4539-84AF-B972FFE2AB66} = {2B0FD556-5CB5-42FB-A8FB-8256E146337D}
		{1B462C9A-A7FD-48B5-8A7E-F2A6946FBF43} = {CD9152E4-66DA-44EC-BCDF-E517CA46E236}
		{75C0E4A3-0F7D-43F9-A8F9-03A7F2DD4F78} = {CD9152E4-66DA-44EC-BCDF-E517CA46E236}
		{826A4107-52B2-41FC-B569-AEF69D153BA8} = {CD9152E4-66DA-44EC-BCDF-E517CA46E236}
		{D841365D-EEF0-4742-8EC3-747A64C821D6} = {A7D47FE3-53F6-49D3-AF3B-F224C8341DF6}
		{54A745C2-A801-48A9-9A64-B1C88AFEB1CA} = {A7D47FE3-53F6-49D3-AF3B-F224C8341DF6}
		{016F8A07-C0E5-4748-9734-D0CE0CFFD595} = {A7D47FE3-53F6-49D3-AF3B-F224C8341DF6}
		{62674821-9750-4F26-9E80-88E7F088AC16} = {63C596FE-590A-4E58-8967-221577912C2D}
		{DBA46A80-5C36-4C49-9A7E-271068333260} = {63C596FE-590A-4E58-8967-221577912C2D}
		{4C52099D-0580-4FAE-9964-E103393780F3} = {63C596FE-590A-4E58-8967-221577912C2D}
		{563AE389-23F1-4C4A-8C8E-C46BE3A73698} = {2E52F729-0CF0-4DB4-BBCA-25A2418E734D}
		{39B18738-73AB-482E-8194-DA7B696FD40B} = {2E52F729-0CF0-4DB4-BBCA-25A2418E734D}
		{F63723A7-B1A1-4447-9E4E-65ADB0C66D4A} = {2E52F729-0CF0-4DB4-BBCA-25A2418E734D}
		{21C57B08-834F-408F-983E-C13A4C6F2092} = {27222DED-8D5E-4DF2-AC98-A7ED3EC973A4}
		{13682E11-8DA6-4DDA-99B2-7C1150852FEF} = {27222DED-8D5E-4DF2-AC98-A7ED3EC973A4}
		{7EA36C85-9D62-42C3-8415-0A269819DA3C} = {27222DED-8D5E-4DF2-AC98-A7ED3EC973A4}
	EndGlobalSection
EndGlobal
