
Microsoft Visual Studio Solution File, Format Version 12.00
# Visual Studio Version 17
VisualStudioVersion = 17.12.35506.116 d17.12
MinimumVisualStudioVersion = 10.0.40219.1
Project("{2150E333-8FDC-42A3-9474-1A3956D46DE8}") = "Task0", "Task0", "{796C1494-5D5A-4BE1-9CC6-85D2BFD9B11A}"
EndProject
Project("{FAE04EC0-301F-11D3-BF4B-00C04F79EFBC}") = "Tyuiu.ZainetdinovRA.Sprint2.Task0.V16", "Tyuiu.ZainetdinovRA.Sprint2.Task0.V16\Tyuiu.ZainetdinovRA.Sprint2.Task0.V16.csproj", "{9B64C071-CC82-49BC-BE49-347CB7DB5ED5}"
EndProject
Project("{FAE04EC0-301F-11D3-BF4B-00C04F79EFBC}") = "Tyuiu.ZainetdinovRA.Sprint2.Task0.V16.Lib", "Tyuiu.ZainetdinovRA.Sprint2.Task0.V16.Lib\Tyuiu.ZainetdinovRA.Sprint2.Task0.V16.Lib.csproj", "{44304E9D-ADED-4FCF-B24E-1CDCED731531}"
EndProject
Project("{FAE04EC0-301F-11D3-BF4B-00C04F79EFBC}") = "Tyuiu.ZainetdinovRA.Sprint2.Task0.V16.Test", "Tyuiu.ZainetdinovRA.Sprint2.Task0.V16.Test\Tyuiu.ZainetdinovRA.Sprint2.Task0.V16.Test.csproj", "{FF20776E-680D-4D67-812C-ACEE1CA410EB}"
EndProject
Project("{2150E333-8FDC-42A3-9474-1A3956D46DE8}") = "Task1", "Task1", "{2B0FD556-5CB5-42FB-A8FB-8256E146337D}"
EndProject
Project("{FAE04EC0-301F-11D3-BF4B-00C04F79EFBC}") = "Tyuiu.ZainetdinovRA.Sprint2.Task1.V28", "Tyuiu.ZainetdinovRA.Sprint2.Task1.V28\Tyuiu.ZainetdinovRA.Sprint2.Task1.V28.csproj", "{BF578057-BF74-4783-AB5D-58AC54ED931C}"
EndProject
Project("{FAE04EC0-301F-11D3-BF4B-00C04F79EFBC}") = "Tyuiu.ZainetdinovRA.Sprint2.Task1.V28.Lib", "Tyuiu.ZainetdinovRA.Sprint2.Task1.V28.Lib\Tyuiu.ZainetdinovRA.Sprint2.Task1.V28.Lib.csproj", "{46937740-2E67-4410-88D5-E6BD43C03FC3}"
EndProject
Project("{FAE04EC0-301F-11D3-BF4B-00C04F79EFBC}") = "Tyuiu.ZainetdinovRA.Sprint2.Task1.V28.Test", "Tyuiu.ZainetdinovRA.Sprint2.Task1.V28.Test\Tyuiu.ZainetdinovRA.Sprint2.Task1.V28.Test.csproj", "{A81E9398-AF7C-4539-84AF-B972FFE2AB66}"
EndProject
Project("{2150E333-8FDC-42A3-9474-1A3956D46DE8}") = "Task2", "Task2", "{CD9152E4-66DA-44EC-BCDF-E517CA46E236}"
EndProject
Project("{FAE04EC0-301F-11D3-BF4B-00C04F79EFBC}") = "Tyuiu.ZainetdinovRA.Sprint2.Task2.V20", "Tyuiu.ZainetdinovRA.Sprint2.Task2.V20\Tyuiu.ZainetdinovRA.Sprint2.Task2.V20.csproj", "{1B462C9A-A7FD-48B5-8A7E-F2A6946FBF43}"
EndProject
Project("{FAE04EC0-301F-11D3-BF4B-00C04F79EFBC}") = "Tyuiu.ZainetdinovRA.Sprint2.Task2.V20.Lib", "Tyuiu.ZainetdinovRA.Sprint2.Task2.V20.Lib\Tyuiu.ZainetdinovRA.Sprint2.Task2.V20.Lib.csproj", "{75C0E4A3-0F7D-43F9-A8F9-03A7F2DD4F78}"
EndProject
Project("{FAE04EC0-301F-11D3-BF4B-00C04F79EFBC}") = "Tyuiu.ZainetdinovRA.Sprint2.Task2.V20.Test", "Tyuiu.ZainetdinovRA.Sprint2.Task2.V20.Test\Tyuiu.ZainetdinovRA.Sprint2.Task2.V20.Test.csproj", "{826A4107-52B2-41FC-B569-AEF69D153BA8}"
EndProject
Global
	GlobalSection(SolutionConfigurationPlatforms) = preSolution
		Debug|Any CPU = Debug|Any CPU
		Release|Any CPU = Release|Any CPU
	EndGlobalSection
	GlobalSection(ProjectConfigurationPlatforms) = postSolution
		{9B64C071-CC82-49BC-BE49-347CB7DB5ED5}.Debug|Any CPU.ActiveCfg = Debug|Any CPU
		{9B64C071-CC82-49BC-BE49-347CB7DB5ED5}.Debug|Any CPU.Build.0 = Debug|Any CPU
		{9B64C071-CC82-49BC-BE49-347CB7DB5ED5}.Release|Any CPU.ActiveCfg = Release|Any CPU
		{9B64C071-CC82-49BC-BE49-347CB7DB5ED5}.Release|Any CPU.Build.0 = Release|Any CPU
		{44304E9D-ADED-4FCF-B24E-1CDCED731531}.Debug|Any CPU.ActiveCfg = Debug|Any CPU
		{44304E9D-ADED-4FCF-B24E-1CDCED731531}.Debug|Any CPU.Build.0 = Debug|Any CPU
		{44304E9D-ADED-4FCF-B24E-1CDCED731531}.Release|Any CPU.ActiveCfg = Release|Any CPU
		{44304E9D-ADED-4FCF-B24E-1CDCED731531}.Release|Any CPU.Build.0 = Release|Any CPU
		{FF20776E-680D-4D67-812C-ACEE1CA410EB}.Debug|Any CPU.ActiveCfg = Debug|Any CPU
		{FF20776E-680D-4D67-812C-ACEE1CA410EB}.Debug|Any CPU.Build.0 = Debug|Any CPU
		{FF20776E-680D-4D67-812C-ACEE1CA410EB}.Release|Any CPU.ActiveCfg = Release|Any CPU
		{FF20776E-680D-4D67-812C-ACEE1CA410EB}.Release|Any CPU.Build.0 = Release|Any CPU
		{BF578057-BF74-4783-AB5D-58AC54ED931C}.Debug|Any CPU.ActiveCfg = Debug|Any CPU
		{BF578057-BF74-4783-AB5D-58AC54ED931C}.Debug|Any CPU.Build.0 = Debug|Any CPU
		{BF578057-BF74-4783-AB5D-58AC54ED931C}.Release|Any CPU.ActiveCfg = Release|Any CPU
		{BF578057-BF74-4783-AB5D-58AC54ED931C}.Release|Any CPU.Build.0 = Release|Any CPU
		{46937740-2E67-4410-88D5-E6BD43C03FC3}.Debug|Any CPU.ActiveCfg = Debug|Any CPU
		{46937740-2E67-4410-88D5-E6BD43C03FC3}.Debug|Any CPU.Build.0 = Debug|Any CPU
		{46937740-2E67-4410-88D5-E6BD43C03FC3}.Release|Any CPU.ActiveCfg = Release|Any CPU
		{46937740-2E67-4410-88D5-E6BD43C03FC3}.Release|Any CPU.Build.0 = Release|Any CPU
		{A81E9398-AF7C-4539-84AF-B972FFE2AB66}.Debug|Any CPU.ActiveCfg = Debug|Any CPU
		{A81E9398-AF7C-4539-84AF-B972FFE2AB66}.Debug|Any CPU.Build.0 = Debug|Any CPU
		{A81E9398-AF7C-4539-84AF-B972FFE2AB66}.Release|Any CPU.ActiveCfg = Release|Any CPU
		{A81E9398-AF7C-4539-84AF-B972FFE2AB66}.Release|Any CPU.Build.0 = Release|Any CPU
		{1B462C9A-A7FD-48B5-8A7E-F2A6946FBF43}.Debug|Any CPU.ActiveCfg = Debug|Any CPU
		{1B462C9A-A7FD-48B5-8A7E-F2A6946FBF43}.Debug|Any CPU.Build.0 = Debug|Any CPU
		{1B462C9A-A7FD-48B5-8A7E-F2A6946FBF43}.Release|Any CPU.ActiveCfg = Release|Any CPU
		{1B462C9A-A7FD-48B5-8A7E-F2A6946FBF43}.Release|Any CPU.Build.0 = Release|Any CPU
		{75C0E4A3-0F7D-43F9-A8F9-03A7F2DD4F78}.Debug|Any CPU.ActiveCfg = Debug|Any CPU
		{75C0E4A3-0F7D-43F9-A8F9-03A7F2DD4F78}.Debug|Any CPU.Build.0 = Debug|Any CPU
		{75C0E4A3-0F7D-43F9-A8F9-03A7F2DD4F78}.Release|Any CPU.ActiveCfg = Release|Any CPU
		{75C0E4A3-0F7D-43F9-A8F9-03A7F2DD4F78}.Release|Any CPU.Build.0 = Release|Any CPU
		{826A4107-52B2-41FC-B569-AEF69D153BA8}.Debug|Any CPU.ActiveCfg = Debug|Any CPU
		{826A4107-52B2-41FC-B569-AEF69D153BA8}.Debug|Any CPU.Build.0 = Debug|Any CPU
		{826A4107-52B2-41FC-B569-AEF69D153BA8}.Release|Any CPU.ActiveCfg = Release|Any CPU
		{826A4107-52B2-41FC-B569-AEF69D153BA8}.Release|Any CPU.Build.0 = Release|Any CPU
	EndGlobalSection
	GlobalSection(SolutionProperties) = preSolution
		HideSolutionNode = FALSE
	EndGlobalSection
	GlobalSection(NestedProjects) = preSolution
		{9B64C071-CC82-49BC-BE49-347CB7DB5ED5} = {796C1494-5D5A-4BE1-9CC6-85D2BFD9B11A}
		{44304E9D-ADED-4FCF-B24E-1CDCED731531} = {796C1494-5D5A-4BE1-9CC6-85D2BFD9B11A}
		{FF20776E-680D-4D67-812C-ACEE1CA410EB} = {796C1494-5D5A-4BE1-9CC6-85D2BFD9B11A}
		{BF578057-BF74-4783-AB5D-58AC54ED931C} = {2B0FD556-5CB5-42FB-A8FB-8256E146337D}
		{46937740-2E67-4410-88D5-E6BD43C03FC3} = {2B0FD556-5CB5-42FB-A8FB-8256E146337D}
		{A81E9398-AF7C-4539-84AF-B972FFE2AB66} = {2B0FD556-5CB5-42FB-A8FB-8256E146337D}
		{1B462C9A-A7FD-48B5-8A7E-F2A6946FBF43} = {CD9152E4-66DA-44EC-BCDF-E517CA46E236}
		{75C0E4A3-0F7D-43F9-A8F9-03A7F2DD4F78} = {CD9152E4-66DA-44EC-BCDF-E517CA46E236}
		{826A4107-52B2-41FC-B569-AEF69D153BA8} = {CD9152E4-66DA-44EC-BCDF-E517CA46E236}
	EndGlobalSection
EndGlobal
